{
    "_readme": [
        "This file locks the dependencies of your project to a known state",
        "Read more about it at https://getcomposer.org/doc/01-basic-usage.md#installing-dependencies",
        "This file is @generated automatically"
    ],
    "content-hash": "907d378d2cbe497e7617c79c17dd5d93",
    "packages": [
        {
            "name": "fivefilters/readability.php",
            "version": "v2.1.0",
            "source": {
                "type": "git",
                "url": "https://github.com/fivefilters/readability.php.git",
                "reference": "7617a912b6c527909168f5d41d263792f171c42a"
            },
            "dist": {
                "type": "zip",
                "url": "https://api.github.com/repos/fivefilters/readability.php/zipball/7617a912b6c527909168f5d41d263792f171c42a",
                "reference": "7617a912b6c527909168f5d41d263792f171c42a",
                "shasum": ""
            },
            "require": {
                "ext-dom": "*",
                "ext-mbstring": "*",
                "ext-xml": "*",
                "php": ">=7.0.0",
                "psr/log": "^1.0"
            },
            "require-dev": {
                "monolog/monolog": "^1.24",
                "phpunit/phpunit": "^6.5"
            },
            "suggest": {
                "monolog/monolog": "Allow logging debug information"
            },
            "type": "library",
            "autoload": {
                "psr-4": {
                    "andreskrey\\Readability\\": "src/"
                }
            },
            "notification-url": "https://packagist.org/downloads/",
            "license": [
                "Apache-2.0"
            ],
            "authors": [
                {
                    "name": "Andres Rey",
                    "email": "andreskrey@gmail.com",
                    "role": "Lead Developer"
                }
            ],
            "description": "A PHP port of Readability.js",
            "homepage": "https://github.com/andreskrey/readability",
            "keywords": [
                "html",
                "readability"
            ],
            "support": {
                "source": "https://github.com/fivefilters/readability.php/tree/v2.1.0"
            },
            "time": "2019-07-22T21:42:25+00:00"
        },
        {
            "name": "netresearch/jsonmapper",
            "version": "v4.0.0",
            "source": {
                "type": "git",
                "url": "https://github.com/cweiske/jsonmapper.git",
                "reference": "8bbc021a8edb2e4a7ea2f8ad4fa9ec9dce2fcb8d"
            },
            "dist": {
                "type": "zip",
                "url": "https://api.github.com/repos/cweiske/jsonmapper/zipball/8bbc021a8edb2e4a7ea2f8ad4fa9ec9dce2fcb8d",
                "reference": "8bbc021a8edb2e4a7ea2f8ad4fa9ec9dce2fcb8d",
                "shasum": ""
            },
            "require": {
                "ext-json": "*",
                "ext-pcre": "*",
                "ext-reflection": "*",
                "ext-spl": "*",
                "php": ">=7.1"
            },
            "require-dev": {
                "phpunit/phpunit": "~7.5 || ~8.0 || ~9.0",
                "squizlabs/php_codesniffer": "~3.5"
            },
            "type": "library",
            "autoload": {
                "psr-0": {
                    "JsonMapper": "src/"
                }
            },
            "notification-url": "https://packagist.org/downloads/",
            "license": [
                "OSL-3.0"
            ],
            "authors": [
                {
                    "name": "Christian Weiske",
                    "email": "cweiske@cweiske.de",
                    "homepage": "http://github.com/cweiske/jsonmapper/",
                    "role": "Developer"
                }
            ],
            "description": "Map nested JSON structures onto PHP classes",
            "support": {
                "email": "cweiske@cweiske.de",
                "issues": "https://github.com/cweiske/jsonmapper/issues",
                "source": "https://github.com/cweiske/jsonmapper/tree/v4.0.0"
            },
            "time": "2020-12-01T19:48:11+00:00"
        },
        {
            "name": "psr/log",
            "version": "1.1.4",
            "source": {
                "type": "git",
                "url": "https://github.com/php-fig/log.git",
                "reference": "d49695b909c3b7628b6289db5479a1c204601f11"
            },
            "dist": {
                "type": "zip",
                "url": "https://api.github.com/repos/php-fig/log/zipball/d49695b909c3b7628b6289db5479a1c204601f11",
                "reference": "d49695b909c3b7628b6289db5479a1c204601f11",
                "shasum": ""
            },
            "require": {
                "php": ">=5.3.0"
            },
            "type": "library",
            "extra": {
                "branch-alias": {
                    "dev-master": "1.1.x-dev"
                }
            },
            "autoload": {
                "psr-4": {
                    "Psr\\Log\\": "Psr/Log/"
                }
            },
            "notification-url": "https://packagist.org/downloads/",
            "license": [
                "MIT"
            ],
            "authors": [
                {
                    "name": "PHP-FIG",
                    "homepage": "https://www.php-fig.org/"
                }
            ],
            "description": "Common interface for logging libraries",
            "homepage": "https://github.com/php-fig/log",
            "keywords": [
                "log",
                "psr",
                "psr-3"
            ],
            "support": {
                "source": "https://github.com/php-fig/log/tree/1.1.4"
            },
            "time": "2021-05-03T11:20:27+00:00"
        },
        {
            "name": "teamtnt/tntsearch",
            "version": "dev-master",
            "source": {
                "type": "git",
                "url": "https://github.com/jonasborn/tntsearch.git",
                "reference": "7ae5c0c7be513945415253b0275973d0fd54b713"
            },
            "dist": {
                "type": "zip",
                "url": "https://api.github.com/repos/jonasborn/tntsearch/zipball/7ae5c0c7be513945415253b0275973d0fd54b713",
                "reference": "7ae5c0c7be513945415253b0275973d0fd54b713",
                "shasum": ""
            },
            "require": {
                "ext-mbstring": "*",
                "ext-pdo_sqlite": "*",
                "ext-sqlite3": "*",
                "php": "~7.1|^8"
            },
            "require-dev": {
                "phpunit/phpunit": "7.*|8.*|9.*",
                "symfony/var-dumper": "^4|^5.2"
            },
            "default-branch": true,
            "type": "library",
            "autoload": {
                "psr-4": {
                    "TeamTNT\\TNTSearch\\": "src"
                },
                "files": [
                    "helper/helpers.php"
                ]
            },
            "license": [
                "MIT"
            ],
            "authors": [
                {
                    "name": "Nenad Tičarić",
                    "email": "nticaric@gmail.com",
                    "homepage": "http://www.tntstudio.us",
                    "role": "Developer"
                }
            ],
            "description": "A fully featured full text search engine written in PHP",
            "homepage": "https://github.com/teamtnt/tntsearch",
            "keywords": [
                "bm25",
                "fulltext",
                "fuzzy search",
                "geosearch",
                "search",
                "stemming",
                "teamtnt",
                "text classification",
                "tntsearch"
            ],
            "support": {
                "source": "https://github.com/jonasborn/tntsearch/tree/master"
            },
            "funding": [
                {
                    "type": "open_collective",
                    "url": "https://opencollective.com/tntsearch"
                },
                {
                    "type": "patreon",
                    "url": "https://www.patreon.com/nticaric"
                },
                {
                    "type": "ko_fi",
                    "url": "https://ko-fi.com/nticaric"
                }
            ],
            "time": "2021-12-14T13:14:03+00:00"
        }
    ],
    "packages-dev": [],
    "aliases": [],
    "minimum-stability": "stable",
    "stability-flags": {
        "teamtnt/tntsearch": 20
    },
    "prefer-stable": false,
    "prefer-lowest": false,
    "platform": {
        "php": ">=7.0.0",
        "ext-json": "*"
    },
    "platform-dev": [],
    "plugin-api-version": "2.0.0"
}
